
Microsoft Visual Studio Solution File, Format Version 12.00
# Visual Studio Version 17
VisualStudioVersion = 17.9.34622.214
MinimumVisualStudioVersion = 10.0.40219.1
Project("{FAE04EC0-301F-11D3-BF4B-00C04F79EFBC}") = "Platform-CTF", "Platform-CTF\Platform-CTF.csproj", "{3A91124D-A967-447E-9D2F-1772A7780223}"
EndProject
Project("{FAE04EC0-301F-11D3-BF4B-00C04F79EFBC}") = "PlatformCTF.BusinessLogic", "PlatformCTF.BusinessLogic\PlatformCTF.BusinessLogic.csproj", "{6D05F2FE-40B6-4D7C-B983-414FE721383F}"
EndProject
Project("{FAE04EC0-301F-11D3-BF4B-00C04F79EFBC}") = "PlatformCTF.Helpers", "PlatformCTF.Helpers\PlatformCTF.Helpers.csproj", "{266714AA-4B71-4FBE-B47B-A73038AED313}"
EndProject
Project("{FAE04EC0-301F-11D3-BF4B-00C04F79EFBC}") = "PlatformCTF.Domains", "PlatformCTF.Domains\PlatformCTF.Domains.csproj", "{9B3286D1-A453-43B1-BEB8-DBC0CE66CBDC}"
EndProject
Global
	GlobalSection(SolutionConfigurationPlatforms) = preSolution
		Debug|Any CPU = Debug|Any CPU
		Release|Any CPU = Release|Any CPU
	EndGlobalSection
	GlobalSection(ProjectConfigurationPlatforms) = postSolution
		{3A91124D-A967-447E-9D2F-1772A7780223}.Debug|Any CPU.ActiveCfg = Debug|Any CPU
		{3A91124D-A967-447E-9D2F-1772A7780223}.Debug|Any CPU.Build.0 = Debug|Any CPU
		{3A91124D-A967-447E-9D2F-1772A7780223}.Release|Any CPU.ActiveCfg = Release|Any CPU
		{3A91124D-A967-447E-9D2F-1772A7780223}.Release|Any CPU.Build.0 = Release|Any CPU
		{6D05F2FE-40B6-4D7C-B983-414FE721383F}.Debug|Any CPU.ActiveCfg = Debug|Any CPU
		{6D05F2FE-40B6-4D7C-B983-414FE721383F}.Debug|Any CPU.Build.0 = Debug|Any CPU
		{6D05F2FE-40B6-4D7C-B983-414FE721383F}.Release|Any CPU.ActiveCfg = Release|Any CPU
		{6D05F2FE-40B6-4D7C-B983-414FE721383F}.Release|Any CPU.Build.0 = Release|Any CPU
		{266714AA-4B71-4FBE-B47B-A73038AED313}.Debug|Any CPU.ActiveCfg = Debug|Any CPU
		{266714AA-4B71-4FBE-B47B-A73038AED313}.Debug|Any CPU.Build.0 = Debug|Any CPU
		{266714AA-4B71-4FBE-B47B-A73038AED313}.Release|Any CPU.ActiveCfg = Release|Any CPU
		{266714AA-4B71-4FBE-B47B-A73038AED313}.Release|Any CPU.Build.0 = Release|Any CPU
		{9B3286D1-A453-43B1-BEB8-DBC0CE66CBDC}.Debug|Any CPU.ActiveCfg = Debug|Any CPU
		{9B3286D1-A453-43B1-BEB8-DBC0CE66CBDC}.Debug|Any CPU.Build.0 = Debug|Any CPU
		{9B3286D1-A453-43B1-BEB8-DBC0CE66CBDC}.Release|Any CPU.ActiveCfg = Release|Any CPU
		{9B3286D1-A453-43B1-BEB8-DBC0CE66CBDC}.Release|Any CPU.Build.0 = Release|Any CPU
	EndGlobalSection
	GlobalSection(SolutionProperties) = preSolution
		HideSolutionNode = FALSE
	EndGlobalSection
	GlobalSection(ExtensibilityGlobals) = postSolution
		SolutionGuid = {76CFBDE3-F270-4F6D-AA7A-834406B16296}
	EndGlobalSection
EndGlobal
